
Microsoft Visual Studio Solution File, Format Version 11.00
# Visual Studio 2010
Project("{E24C65DC-7377-472B-9ABA-BC803B73C61A}") = "FFL", "..\..\..\Tortuga\trunk\FFL\", "{9A8E2FDF-519B-435C-AD92-CC15010F68CE}"
	ProjectSection(WebsiteProperties) = preProject
		TargetFrameworkMoniker = ".NETFramework,Version%3Dv4.0"
		Debug.AspNetCompiler.VirtualPath = "/FFL"
		Debug.AspNetCompiler.PhysicalPath = "..\..\..\Tortuga\trunk\FFL\"
		Debug.AspNetCompiler.TargetPath = "PrecompiledWeb\FFL\"
		Debug.AspNetCompiler.Updateable = "true"
		Debug.AspNetCompiler.ForceOverwrite = "true"
		Debug.AspNetCompiler.FixedNames = "false"
		Debug.AspNetCompiler.Debug = "True"
		Release.AspNetCompiler.VirtualPath = "/FFL"
		Release.AspNetCompiler.PhysicalPath = "..\..\..\Tortuga\trunk\FFL\"
		Release.AspNetCompiler.TargetPath = "PrecompiledWeb\FFL\"
		Release.AspNetCompiler.Updateable = "true"
		Release.AspNetCompiler.ForceOverwrite = "true"
		Release.AspNetCompiler.FixedNames = "false"
		Release.AspNetCompiler.Debug = "False"
		VWDPort = "65345"
		DefaultWebSiteLanguage = "Visual C#"
	EndProjectSection
EndProject
Global
	GlobalSection(SolutionConfigurationPlatforms) = preSolution
		Debug|Any CPU = Debug|Any CPU
	EndGlobalSection
	GlobalSection(ProjectConfigurationPlatforms) = postSolution
		{9A8E2FDF-519B-435C-AD92-CC15010F68CE}.Debug|Any CPU.ActiveCfg = Debug|Any CPU
		{9A8E2FDF-519B-435C-AD92-CC15010F68CE}.Debug|Any CPU.Build.0 = Debug|Any CPU
	EndGlobalSection
	GlobalSection(SolutionProperties) = preSolution
		HideSolutionNode = FALSE
	EndGlobalSection
EndGlobal
